
Microsoft Visual Studio Solution File, Format Version 12.00
# Visual Studio Version 17
VisualStudioVersion = 17.2.32630.192
MinimumVisualStudioVersion = 10.0.40219.1
Project("{9A19103F-16F7-4668-BE54-9A1E7A4F7556}") = "Task1", "Task1\Task1.csproj", "{83E1BCB0-EBD0-4CFE-95DB-5DD59A2CB29E}"
EndProject
Project("{9A19103F-16F7-4668-BE54-9A1E7A4F7556}") = "Task5.6.1", "Task5.6.1\Task5.6.1.csproj", "{9F8050D3-A721-4918-9A7E-12062483D32F}"
EndProject
Project("{9A19103F-16F7-4668-BE54-9A1E7A4F7556}") = "Task5.1.5", "Task5.1.5\Task5.1.5.csproj", "{60CB8159-0359-4036-B49D-1A235A671F3B}"
EndProject
Project("{9A19103F-16F7-4668-BE54-9A1E7A4F7556}") = "Task5.1.6", "Task5.1.6\Task5.1.6.csproj", "{A7FE50C2-3E6D-4BA1-9356-F862BB38B6F7}"
EndProject
Project("{9A19103F-16F7-4668-BE54-9A1E7A4F7556}") = "Task5.2.2", "Task5.2.2\Task5.2.2.csproj", "{22C5EA75-324C-4D44-827D-FD7790BD58B1}"
EndProject
Project("{FAE04EC0-301F-11D3-BF4B-00C04F79EFBC}") = "Task5.2.8", "Task5.2.8\Task5.2.8.csproj", "{9893284A-9866-4573-8061-723E8F02D691}"
EndProject
Project("{FAE04EC0-301F-11D3-BF4B-00C04F79EFBC}") = "Task5.2.14", "Task5.2.14\Task5.2.14.csproj", "{72C81AF6-8E44-4F31-ABDC-FF42A1A529A6}"
EndProject
Project("{FAE04EC0-301F-11D3-BF4B-00C04F79EFBC}") = "Task.5.2.15", "Task.5.2.15\Task.5.2.15.csproj", "{7C9D2D81-E356-4DBC-9D61-06E117783D43}"
EndProject
Project("{FAE04EC0-301F-11D3-BF4B-00C04F79EFBC}") = "Task5.2.17", "Task5.2.17\Task5.2.17.csproj", "{C60C785F-B56D-4527-97D2-A0C23A9D9101}"
EndProject
Global
	GlobalSection(SolutionConfigurationPlatforms) = preSolution
		Debug|Any CPU = Debug|Any CPU
		Release|Any CPU = Release|Any CPU
	EndGlobalSection
	GlobalSection(ProjectConfigurationPlatforms) = postSolution
		{83E1BCB0-EBD0-4CFE-95DB-5DD59A2CB29E}.Debug|Any CPU.ActiveCfg = Debug|Any CPU
		{83E1BCB0-EBD0-4CFE-95DB-5DD59A2CB29E}.Debug|Any CPU.Build.0 = Debug|Any CPU
		{83E1BCB0-EBD0-4CFE-95DB-5DD59A2CB29E}.Release|Any CPU.ActiveCfg = Release|Any CPU
		{83E1BCB0-EBD0-4CFE-95DB-5DD59A2CB29E}.Release|Any CPU.Build.0 = Release|Any CPU
		{9F8050D3-A721-4918-9A7E-12062483D32F}.Debug|Any CPU.ActiveCfg = Debug|Any CPU
		{9F8050D3-A721-4918-9A7E-12062483D32F}.Debug|Any CPU.Build.0 = Debug|Any CPU
		{9F8050D3-A721-4918-9A7E-12062483D32F}.Release|Any CPU.ActiveCfg = Release|Any CPU
		{9F8050D3-A721-4918-9A7E-12062483D32F}.Release|Any CPU.Build.0 = Release|Any CPU
		{60CB8159-0359-4036-B49D-1A235A671F3B}.Debug|Any CPU.ActiveCfg = Debug|Any CPU
		{60CB8159-0359-4036-B49D-1A235A671F3B}.Debug|Any CPU.Build.0 = Debug|Any CPU
		{60CB8159-0359-4036-B49D-1A235A671F3B}.Release|Any CPU.ActiveCfg = Release|Any CPU
		{60CB8159-0359-4036-B49D-1A235A671F3B}.Release|Any CPU.Build.0 = Release|Any CPU
		{A7FE50C2-3E6D-4BA1-9356-F862BB38B6F7}.Debug|Any CPU.ActiveCfg = Debug|Any CPU
		{A7FE50C2-3E6D-4BA1-9356-F862BB38B6F7}.Debug|Any CPU.Build.0 = Debug|Any CPU
		{A7FE50C2-3E6D-4BA1-9356-F862BB38B6F7}.Release|Any CPU.ActiveCfg = Release|Any CPU
		{A7FE50C2-3E6D-4BA1-9356-F862BB38B6F7}.Release|Any CPU.Build.0 = Release|Any CPU
		{22C5EA75-324C-4D44-827D-FD7790BD58B1}.Debug|Any CPU.ActiveCfg = Debug|Any CPU
		{22C5EA75-324C-4D44-827D-FD7790BD58B1}.Debug|Any CPU.Build.0 = Debug|Any CPU
		{22C5EA75-324C-4D44-827D-FD7790BD58B1}.Release|Any CPU.ActiveCfg = Release|Any CPU
		{22C5EA75-324C-4D44-827D-FD7790BD58B1}.Release|Any CPU.Build.0 = Release|Any CPU
		{9893284A-9866-4573-8061-723E8F02D691}.Debug|Any CPU.ActiveCfg = Debug|Any CPU
		{9893284A-9866-4573-8061-723E8F02D691}.Debug|Any CPU.Build.0 = Debug|Any CPU
		{9893284A-9866-4573-8061-723E8F02D691}.Release|Any CPU.ActiveCfg = Release|Any CPU
		{9893284A-9866-4573-8061-723E8F02D691}.Release|Any CPU.Build.0 = Release|Any CPU
		{72C81AF6-8E44-4F31-ABDC-FF42A1A529A6}.Debug|Any CPU.ActiveCfg = Debug|Any CPU
		{72C81AF6-8E44-4F31-ABDC-FF42A1A529A6}.Debug|Any CPU.Build.0 = Debug|Any CPU
		{72C81AF6-8E44-4F31-ABDC-FF42A1A529A6}.Release|Any CPU.ActiveCfg = Release|Any CPU
		{72C81AF6-8E44-4F31-ABDC-FF42A1A529A6}.Release|Any CPU.Build.0 = Release|Any CPU
		{7C9D2D81-E356-4DBC-9D61-06E117783D43}.Debug|Any CPU.ActiveCfg = Debug|Any CPU
		{7C9D2D81-E356-4DBC-9D61-06E117783D43}.Debug|Any CPU.Build.0 = Debug|Any CPU
		{7C9D2D81-E356-4DBC-9D61-06E117783D43}.Release|Any CPU.ActiveCfg = Release|Any CPU
		{7C9D2D81-E356-4DBC-9D61-06E117783D43}.Release|Any CPU.Build.0 = Release|Any CPU
		{C60C785F-B56D-4527-97D2-A0C23A9D9101}.Debug|Any CPU.ActiveCfg = Debug|Any CPU
		{C60C785F-B56D-4527-97D2-A0C23A9D9101}.Debug|Any CPU.Build.0 = Debug|Any CPU
		{C60C785F-B56D-4527-97D2-A0C23A9D9101}.Release|Any CPU.ActiveCfg = Release|Any CPU
		{C60C785F-B56D-4527-97D2-A0C23A9D9101}.Release|Any CPU.Build.0 = Release|Any CPU
	EndGlobalSection
	GlobalSection(SolutionProperties) = preSolution
		HideSolutionNode = FALSE
	EndGlobalSection
	GlobalSection(ExtensibilityGlobals) = postSolution
		SolutionGuid = {ADA3380D-A60A-4BFE-835A-6A5069EBAC12}
	EndGlobalSection
EndGlobal
